
Microsoft Visual Studio Solution File, Format Version 12.00
# Visual Studio Version 17
VisualStudioVersion = 17.2.32630.192
MinimumVisualStudioVersion = 10.0.40219.1
Project("{FAE04EC0-301F-11D3-BF4B-00C04F79EFBC}") = "Test1", "Test1\Test1.csproj", "{F874BC92-59ED-486B-BE0C-FF607E038967}"
EndProject
Global
	GlobalSection(SolutionConfigurationPlatforms) = preSolution
		Debug|Any CPU = Debug|Any CPU
		Release|Any CPU = Release|Any CPU
	EndGlobalSection
	GlobalSection(ProjectConfigurationPlatforms) = postSolution
		{F874BC92-59ED-486B-BE0C-FF607E038967}.Debug|Any CPU.ActiveCfg = Debug|Any CPU
		{F874BC92-59ED-486B-BE0C-FF607E038967}.Debug|Any CPU.Build.0 = Debug|Any CPU
		{F874BC92-59ED-486B-BE0C-FF607E038967}.Release|Any CPU.ActiveCfg = Release|Any CPU
		{F874BC92-59ED-486B-BE0C-FF607E038967}.Release|Any CPU.Build.0 = Release|Any CPU
	EndGlobalSection
	GlobalSection(SolutionProperties) = preSolution
		HideSolutionNode = FALSE
	EndGlobalSection
	GlobalSection(ExtensibilityGlobals) = postSolution
		SolutionGuid = {C2B13E43-13F3-4EEA-B368-E7D038E4EF3C}
	EndGlobalSection
EndGlobal
